// !$*UTF8*$!
{
	archiveVersion = 1;
	classes = {
	};
	objectVersion = 50;
	objects = {

/* Begin PBXBuildFile section */
		ACC6974F262D102B0021AD28 /* AppDelegate.swift in Sources */ = {isa = PBXBuildFile; fileRef = ACC6974E262D102B0021AD28 /* AppDelegate.swift */; };
		ACC69751262D102B0021AD28 /* SceneDelegate.swift in Sources */ = {isa = PBXBuildFile; fileRef = ACC69750262D102B0021AD28 /* SceneDelegate.swift */; };
		ACC69756262D102B0021AD28 /* Main.storyboard in Resources */ = {isa = PBXBuildFile; fileRef = ACC69754262D102B0021AD28 /* Main.storyboard */; };
		ACC69758262D102E0021AD28 /* Assets.xcassets in Resources */ = {isa = PBXBuildFile; fileRef = ACC69757262D102E0021AD28 /* Assets.xcassets */; };
		ACC6975B262D102E0021AD28 /* LaunchScreen.storyboard in Resources */ = {isa = PBXBuildFile; fileRef = ACC69759262D102E0021AD28 /* LaunchScreen.storyboard */; };
		ACC69763262D18720021AD28 /* QA.swift in Sources */ = {isa = PBXBuildFile; fileRef = ACC69762262D18720021AD28 /* QA.swift */; };
		ACC69769262D29A80021AD28 /* Question.swift in Sources */ = {isa = PBXBuildFile; fileRef = ACC69768262D29A80021AD28 /* Question.swift */; };
		ACC6976B262D2F410021AD28 /* Ans.swift in Sources */ = {isa = PBXBuildFile; fileRef = ACC6976A262D2F410021AD28 /* Ans.swift */; };
		ACC69784262D56E00021AD28 /* QViewController.swift in Sources */ = {isa = PBXBuildFile; fileRef = ACC69783262D56E00021AD28 /* QViewController.swift */; };
		ACC69786262D56FE0021AD28 /* AViewController.swift in Sources */ = {isa = PBXBuildFile; fileRef = ACC69785262D56FE0021AD28 /* AViewController.swift */; };
/* End PBXBuildFile section */

/* Begin PBXFileReference section */
		ACC6974B262D102B0021AD28 /* Psychological.app */ = {isa = PBXFileReference; explicitFileType = wrapper.application; includeInIndex = 0; path = Psychological.app; sourceTree = BUILT_PRODUCTS_DIR; };
		ACC6974E262D102B0021AD28 /* AppDelegate.swift */ = {isa = PBXFileReference; lastKnownFileType = sourcecode.swift; path = AppDelegate.swift; sourceTree = "<group>"; };
		ACC69750262D102B0021AD28 /* SceneDelegate.swift */ = {isa = PBXFileReference; lastKnownFileType = sourcecode.swift; path = SceneDelegate.swift; sourceTree = "<group>"; };
		ACC69755262D102B0021AD28 /* Base */ = {isa = PBXFileReference; lastKnownFileType = file.storyboard; name = Base; path = Base.lproj/Main.storyboard; sourceTree = "<group>"; };
		ACC69757262D102E0021AD28 /* Assets.xcassets */ = {isa = PBXFileReference; lastKnownFileType = folder.assetcatalog; path = Assets.xcassets; sourceTree = "<group>"; };
		ACC6975A262D102E0021AD28 /* Base */ = {isa = PBXFileReference; lastKnownFileType = file.storyboard; name = Base; path = Base.lproj/LaunchScreen.storyboard; sourceTree = "<group>"; };
		ACC6975C262D102E0021AD28 /* Info.plist */ = {isa = PBXFileReference; lastKnownFileType = text.plist.xml; path = Info.plist; sourceTree = "<group>"; };
		ACC69762262D18720021AD28 /* QA.swift */ = {isa = PBXFileReference; lastKnownFileType = sourcecode.swift; path = QA.swift; sourceTree = "<group>"; };
		ACC69768262D29A80021AD28 /* Question.swift */ = {isa = PBXFileReference; lastKnownFileType = sourcecode.swift; path = Question.swift; sourceTree = "<group>"; };
		ACC6976A262D2F410021AD28 /* Ans.swift */ = {isa = PBXFileReference; lastKnownFileType = sourcecode.swift; path = Ans.swift; sourceTree = "<group>"; };
		ACC69783262D56E00021AD28 /* QViewController.swift */ = {isa = PBXFileReference; lastKnownFileType = sourcecode.swift; path = QViewController.swift; sourceTree = "<group>"; };
		ACC69785262D56FE0021AD28 /* AViewController.swift */ = {isa = PBXFileReference; lastKnownFileType = sourcecode.swift; path = AViewController.swift; sourceTree = "<group>"; };
/* End PBXFileReference section */

/* Begin PBXFrameworksBuildPhase section */
		ACC69748262D102B0021AD28 /* Frameworks */ = {
			isa = PBXFrameworksBuildPhase;
			buildActionMask = 2147483647;
			files = (
			);
			runOnlyForDeploymentPostprocessing = 0;
		};
/* End PBXFrameworksBuildPhase section */

/* Begin PBXGroup section */
		ACC69742262D102B0021AD28 = {
			isa = PBXGroup;
			children = (
				ACC6974D262D102B0021AD28 /* Psychological */,
				ACC6974C262D102B0021AD28 /* Products */,
			);
			sourceTree = "<group>";
		};
		ACC6974C262D102B0021AD28 /* Products */ = {
			isa = PBXGroup;
			children = (
				ACC6974B262D102B0021AD28 /* Psychological.app */,
			);
			name = Products;
			sourceTree = "<group>";
		};
		ACC6974D262D102B0021AD28 /* Psychological */ = {
			isa = PBXGroup;
			children = (
				ACC6974E262D102B0021AD28 /* AppDelegate.swift */,
				ACC69750262D102B0021AD28 /* SceneDelegate.swift */,
				ACC69754262D102B0021AD28 /* Main.storyboard */,
				ACC69785262D56FE0021AD28 /* AViewController.swift */,
				ACC69783262D56E00021AD28 /* QViewController.swift */,
				ACC69762262D18720021AD28 /* QA.swift */,
				ACC69768262D29A80021AD28 /* Question.swift */,
				ACC6976A262D2F410021AD28 /* Ans.swift */,
				ACC69757262D102E0021AD28 /* Assets.xcassets */,
				ACC69759262D102E0021AD28 /* LaunchScreen.storyboard */,
				ACC6975C262D102E0021AD28 /* Info.plist */,
			);
			path = Psychological;
			sourceTree = "<group>";
		};
/* End PBXGroup section */

/* Begin PBXNativeTarget section */
		ACC6974A262D102B0021AD28 /* Psychological */ = {
			isa = PBXNativeTarget;
			buildConfigurationList = ACC6975F262D102E0021AD28 /* Build configuration list for PBXNativeTarget "Psychological" */;
			buildPhases = (
				ACC69747262D102B0021AD28 /* Sources */,
				ACC69748262D102B0021AD28 /* Frameworks */,
				ACC69749262D102B0021AD28 /* Resources */,
			);
			buildRules = (
			);
			dependencies = (
			);
			name = Psychological;
			productName = Psychological;
			productReference = ACC6974B262D102B0021AD28 /* Psychological.app */;
			productType = "com.apple.product-type.application";
		};
/* End PBXNativeTarget section */

/* Begin PBXProject section */
		ACC69743262D102B0021AD28 /* Project object */ = {
			isa = PBXProject;
			attributes = {
				LastSwiftUpdateCheck = 1250;
				LastUpgradeCheck = 1250;
				TargetAttributes = {
					ACC6974A262D102B0021AD28 = {
						CreatedOnToolsVersion = 12.5;
					};
				};
			};
			buildConfigurationList = ACC69746262D102B0021AD28 /* Build configuration list for PBXProject "Psychological" */;
			compatibilityVersion = "Xcode 9.3";
			developmentRegion = en;
			hasScannedForEncodings = 0;
			knownRegions = (
				en,
				Base,
			);
			mainGroup = ACC69742262D102B0021AD28;
			productRefGroup = ACC6974C262D102B0021AD28 /* Products */;
			projectDirPath = "";
			projectRoot = "";
			targets = (
				ACC6974A262D102B0021AD28 /* Psychological */,
			);
		};
/* End PBXProject section */

/* Begin PBXResourcesBuildPhase section */
		ACC69749262D102B0021AD28 /* Resources */ = {
			isa = PBXResourcesBuildPhase;
			buildActionMask = 2147483647;
			files = (
				ACC6975B262D102E0021AD28 /* LaunchScreen.storyboard in Resources */,
				ACC69758262D102E0021AD28 /* Assets.xcassets in Resources */,
				ACC69756262D102B0021AD28 /* Main.storyboard in Resources */,
			);
			runOnlyForDeploymentPostprocessing = 0;
		};
/* End PBXResourcesBuildPhase section */

/* Begin PBXSourcesBuildPhase section */
		ACC69747262D102B0021AD28 /* Sources */ = {
			isa = PBXSourcesBuildPhase;
			buildActionMask = 2147483647;
			files = (
				ACC69786262D56FE0021AD28 /* AViewController.swift in Sources */,
				ACC69763262D18720021AD28 /* QA.swift in Sources */,
				ACC6974F262D102B0021AD28 /* AppDelegate.swift in Sources */,
				ACC69784262D56E00021AD28 /* QViewController.swift in Sources */,
				ACC69769262D29A80021AD28 /* Question.swift in Sources */,
				ACC69751262D102B0021AD28 /* SceneDelegate.swift in Sources */,
				ACC6976B262D2F410021AD28 /* Ans.swift in Sources */,
			);
			runOnlyForDeploymentPostprocessing = 0;
		};
/* End PBXSourcesBuildPhase section */

/* Begin PBXVariantGroup section */
		ACC69754262D102B0021AD28 /* Main.storyboard */ = {
			isa = PBXVariantGroup;
			children = (
				ACC69755262D102B0021AD28 /* Base */,
			);
			name = Main.storyboard;
			sourceTree = "<group>";
		};
		ACC69759262D102E0021AD28 /* LaunchScreen.storyboard */ = {
			isa = PBXVariantGroup;
			children = (
				ACC6975A262D102E0021AD28 /* Base */,
			);
			name = LaunchScreen.storyboard;
			sourceTree = "<group>";
		};
/* End PBXVariantGroup section */

/* Begin XCBuildConfiguration section */
		ACC6975D262D102E0021AD28 /* Debug */ = {
			isa = XCBuildConfiguration;
			buildSettings = {
				ALWAYS_SEARCH_USER_PATHS = NO;
				CLANG_ANALYZER_NONNULL = YES;
				CLANG_ANALYZER_NUMBER_OBJECT_CONVERSION = YES_AGGRESSIVE;
				CLANG_CXX_LANGUAGE_STANDARD = "gnu++14";
				CLANG_CXX_LIBRARY = "libc++";
				CLANG_ENABLE_MODULES = YES;
				CLANG_ENABLE_OBJC_ARC = YES;
				CLANG_ENABLE_OBJC_WEAK = YES;
				CLANG_WARN_BLOCK_CAPTURE_AUTORELEASING = YES;
				CLANG_WARN_BOOL_CONVERSION = YES;
				CLANG_WARN_COMMA = YES;
				CLANG_WARN_CONSTANT_CONVERSION = YES;
				CLANG_WARN_DEPRECATED_OBJC_IMPLEMENTATIONS = YES;
				CLANG_WARN_DIRECT_OBJC_ISA_USAGE = YES_ERROR;
				CLANG_WARN_DOCUMENTATION_COMMENTS = YES;
				CLANG_WARN_EMPTY_BODY = YES;
				CLANG_WARN_ENUM_CONVERSION = YES;
				CLANG_WARN_INFINITE_RECURSION = YES;
				CLANG_WARN_INT_CONVERSION = YES;
				CLANG_WARN_NON_LITERAL_NULL_CONVERSION = YES;
				CLANG_WARN_OBJC_IMPLICIT_RETAIN_SELF = YES;
				CLANG_WARN_OBJC_LITERAL_CONVERSION = YES;
				CLANG_WARN_OBJC_ROOT_CLASS = YES_ERROR;
				CLANG_WARN_QUOTED_INCLUDE_IN_FRAMEWORK_HEADER = YES;
				CLANG_WARN_RANGE_LOOP_ANALYSIS = YES;
				CLANG_WARN_STRICT_PROTOTYPES = YES;
				CLANG_WARN_SUSPICIOUS_MOVE = YES;
				CLANG_WARN_UNGUARDED_AVAILABILITY = YES_AGGRESSIVE;
				CLANG_WARN_UNREACHABLE_CODE = YES;
				CLANG_WARN__DUPLICATE_METHOD_MATCH = YES;
				COPY_PHASE_STRIP = NO;
				DEBUG_INFORMATION_FORMAT = dwarf;
				ENABLE_STRICT_OBJC_MSGSEND = YES;
				ENABLE_TESTABILITY = YES;
				GCC_C_LANGUAGE_STANDARD = gnu11;
				GCC_DYNAMIC_NO_PIC = NO;
				GCC_NO_COMMON_BLOCKS = YES;
				GCC_OPTIMIZATION_LEVEL = 0;
				GCC_PREPROCESSOR_DEFINITIONS = (
					"DEBUG=1",
					"$(inherited)",
				);
				GCC_WARN_64_TO_32_BIT_CONVERSION = YES;
				GCC_WARN_ABOUT_RETURN_TYPE = YES_ERROR;
				GCC_WARN_UNDECLARED_SELECTOR = YES;
				GCC_WARN_UNINITIALIZED_AUTOS = YES_AGGRESSIVE;
				GCC_WARN_UNUSED_FUNCTION = YES;
				GCC_WARN_UNUSED_VARIABLE = YES;
				IPHONEOS_DEPLOYMENT_TARGET = 14.5;
				MTL_ENABLE_DEBUG_INFO = INCLUDE_SOURCE;
				MTL_FAST_MATH = YES;
				ONLY_ACTIVE_ARCH = YES;
				SDKROOT = iphoneos;
				SWIFT_ACTIVE_COMPILATION_CONDITIONS = DEBUG;
				SWIFT_OPTIMIZATION_LEVEL = "-Onone";
			};
			name = Debug;
		};
		ACC6975E262D102E0021AD28 /* Release */ = {
			isa = XCBuildConfiguration;
			buildSettings = {
				ALWAYS_SEARCH_USER_PATHS = NO;
				CLANG_ANALYZER_NONNULL = YES;
				CLANG_ANALYZER_NUMBER_OBJECT_CONVERSION = YES_AGGRESSIVE;
				CLANG_CXX_LANGUAGE_STANDARD = "gnu++14";
				CLANG_CXX_LIBRARY = "libc++";
				CLANG_ENABLE_MODULES = YES;
				CLANG_ENABLE_OBJC_ARC = YES;
				CLANG_ENABLE_OBJC_WEAK = YES;
				CLANG_WARN_BLOCK_CAPTURE_AUTORELEASING = YES;
				CLANG_WARN_BOOL_CONVERSION = YES;
				CLANG_WARN_COMMA = YES;
				CLANG_WARN_CONSTANT_CONVERSION = YES;
				CLANG_WARN_DEPRECATED_OBJC_IMPLEMENTATIONS = YES;
				CLANG_WARN_DIRECT_OBJC_ISA_USAGE = YES_ERROR;
				CLANG_WARN_DOCUMENTATION_COMMENTS = YES;
				CLANG_WARN_EMPTY_BODY = YES;
				CLANG_WARN_ENUM_CONVERSION = YES;
				CLANG_WARN_INFINITE_RECURSION = YES;
				CLANG_WARN_INT_CONVERSION = YES;
				CLANG_WARN_NON_LITERAL_NULL_CONVERSION = YES;
				CLANG_WARN_OBJC_IMPLICIT_RETAIN_SELF = YES;
				CLANG_WARN_OBJC_LITERAL_CONVERSION = YES;
				CLANG_WARN_OBJC_ROOT_CLASS = YES_ERROR;
				CLANG_WARN_QUOTED_INCLUDE_IN_FRAMEWORK_HEADER = YES;
				CLANG_WARN_RANGE_LOOP_ANALYSIS = YES;
				CLANG_WARN_STRICT_PROTOTYPES = YES;
				CLANG_WARN_SUSPICIOUS_MOVE = YES;
				CLANG_WARN_UNGUARDED_AVAILABILITY = YES_AGGRESSIVE;
				CLANG_WARN_UNREACHABLE_CODE = YES;
				CLANG_WARN__DUPLICATE_METHOD_MATCH = YES;
				COPY_PHASE_STRIP = NO;
				DEBUG_INFORMATION_FORMAT = "dwarf-with-dsym";
				ENABLE_NS_ASSERTIONS = NO;
				ENABLE_STRICT_OBJC_MSGSEND = YES;
				GCC_C_LANGUAGE_STANDARD = gnu11;
				GCC_NO_COMMON_BLOCKS = YES;
				GCC_WARN_64_TO_32_BIT_CONVERSION = YES;
				GCC_WARN_ABOUT_RETURN_TYPE = YES_ERROR;
				GCC_WARN_UNDECLARED_SELECTOR = YES;
				GCC_WARN_UNINITIALIZED_AUTOS = YES_AGGRESSIVE;
				GCC_WARN_UNUSED_FUNCTION = YES;
				GCC_WARN_UNUSED_VARIABLE = YES;
				IPHONEOS_DEPLOYMENT_TARGET = 14.5;
				MTL_ENABLE_DEBUG_INFO = NO;
				MTL_FAST_MATH = YES;
				SDKROOT = iphoneos;
				SWIFT_COMPILATION_MODE = wholemodule;
				SWIFT_OPTIMIZATION_LEVEL = "-O";
				VALIDATE_PRODUCT = YES;
			};
			name = Release;
		};
		ACC69760262D102E0021AD28 /* Debug */ = {
			isa = XCBuildConfiguration;
			buildSettings = {
				ASSETCATALOG_COMPILER_APPICON_NAME = AppIcon;
				ASSETCATALOG_COMPILER_GLOBAL_ACCENT_COLOR_NAME = AccentColor;
				CODE_SIGN_STYLE = Automatic;
				INFOPLIST_FILE = Psychological/Info.plist;
				LD_RUNPATH_SEARCH_PATHS = (
					"$(inherited)",
					"@executable_path/Frameworks",
				);
				PRODUCT_BUNDLE_IDENTIFIER = com.nina.Psychological;
				PRODUCT_NAME = "$(TARGET_NAME)";
				SWIFT_VERSION = 5.0;
				TARGETED_DEVICE_FAMILY = "1,2";
			};
			name = Debug;
		};
		ACC69761262D102E0021AD28 /* Release */ = {
			isa = XCBuildConfiguration;
			buildSettings = {
				ASSETCATALOG_COMPILER_APPICON_NAME = AppIcon;
				ASSETCATALOG_COMPILER_GLOBAL_ACCENT_COLOR_NAME = AccentColor;
				CODE_SIGN_STYLE = Automatic;
				INFOPLIST_FILE = Psychological/Info.plist;
				LD_RUNPATH_SEARCH_PATHS = (
					"$(inherited)",
					"@executable_path/Frameworks",
				);
				PRODUCT_BUNDLE_IDENTIFIER = com.nina.Psychological;
				PRODUCT_NAME = "$(TARGET_NAME)";
				SWIFT_VERSION = 5.0;
				TARGETED_DEVICE_FAMILY = "1,2";
			};
			name = Release;
		};
/* End XCBuildConfiguration section */

/* Begin XCConfigurationList section */
		ACC69746262D102B0021AD28 /* Build configuration list for PBXProject "Psychological" */ = {
			isa = XCConfigurationList;
			buildConfigurations = (
				ACC6975D262D102E0021AD28 /* Debug */,
				ACC6975E262D102E0021AD28 /* Release */,
			);
			defaultConfigurationIsVisible = 0;
			defaultConfigurationName = Release;
		};
		ACC6975F262D102E0021AD28 /* Build configuration list for PBXNativeTarget "Psychological" */ = {
			isa = XCConfigurationList;
			buildConfigurations = (
				ACC69760262D102E0021AD28 /* Debug */,
				ACC69761262D102E0021AD28 /* Release */,
			);
			defaultConfigurationIsVisible = 0;
			defaultConfigurationName = Release;
		};
/* End XCConfigurationList section */
	};
	rootObject = ACC69743262D102B0021AD28 /* Project object */;
}
